
Microsoft Visual Studio Solution File, Format Version 12.00
# Visual Studio Version 17
VisualStudioVersion = 17.0.31912.275
MinimumVisualStudioVersion = 10.0.40219.1
Project("{9A19103F-16F7-4668-BE54-9A1E7A4F7556}") = "PassphraseGenerator", "PassphraseGenerator.csproj", "{573F390E-5207-4E0A-BBD0-0D3248E5B96B}"
EndProject
Project("{9A19103F-16F7-4668-BE54-9A1E7A4F7556}") = "PassphraseGenerator.Tests", "..\Tests\PassphraseGenerator.Tests.csproj", "{2BB6E984-CC82-4BDA-8C67-940CCA71BE7D}"
EndProject
Global
	GlobalSection(SolutionConfigurationPlatforms) = preSolution
		Debug|Any CPU = Debug|Any CPU
		Release|Any CPU = Release|Any CPU
	EndGlobalSection
	GlobalSection(ProjectConfigurationPlatforms) = postSolution
		{573F390E-5207-4E0A-BBD0-0D3248E5B96B}.Debug|Any CPU.ActiveCfg = Debug|Any CPU
		{573F390E-5207-4E0A-BBD0-0D3248E5B96B}.Debug|Any CPU.Build.0 = Debug|Any CPU
		{573F390E-5207-4E0A-BBD0-0D3248E5B96B}.Release|Any CPU.ActiveCfg = Release|Any CPU
		{573F390E-5207-4E0A-BBD0-0D3248E5B96B}.Release|Any CPU.Build.0 = Release|Any CPU
		{2BB6E984-CC82-4BDA-8C67-940CCA71BE7D}.Debug|Any CPU.ActiveCfg = Debug|Any CPU
		{2BB6E984-CC82-4BDA-8C67-940CCA71BE7D}.Debug|Any CPU.Build.0 = Debug|Any CPU
		{2BB6E984-CC82-4BDA-8C67-940CCA71BE7D}.Release|Any CPU.ActiveCfg = Release|Any CPU
		{2BB6E984-CC82-4BDA-8C67-940CCA71BE7D}.Release|Any CPU.Build.0 = Release|Any CPU
	EndGlobalSection
	GlobalSection(SolutionProperties) = preSolution
		HideSolutionNode = FALSE
	EndGlobalSection
	GlobalSection(ExtensibilityGlobals) = postSolution
		SolutionGuid = {9B449BAF-54E1-4BEE-BBB4-825300FB8EF5}
	EndGlobalSection
EndGlobal
